
Microsoft Visual Studio Solution File, Format Version 12.00
# Visual Studio Version 16
VisualStudioVersion = 16.0.29409.12
MinimumVisualStudioVersion = 10.0.40219.1
Project("{FAE04EC0-301F-11D3-BF4B-00C04F79EFBC}") = "prob3redo", "prob3redo\prob3redo.csproj", "{92AE8203-9917-4255-A0A8-A83F1DAB4F47}"
EndProject
Global
	GlobalSection(SolutionConfigurationPlatforms) = preSolution
		Debug|Any CPU = Debug|Any CPU
		Release|Any CPU = Release|Any CPU
	EndGlobalSection
	GlobalSection(ProjectConfigurationPlatforms) = postSolution
		{92AE8203-9917-4255-A0A8-A83F1DAB4F47}.Debug|Any CPU.ActiveCfg = Debug|Any CPU
		{92AE8203-9917-4255-A0A8-A83F1DAB4F47}.Debug|Any CPU.Build.0 = Debug|Any CPU
		{92AE8203-9917-4255-A0A8-A83F1DAB4F47}.Release|Any CPU.ActiveCfg = Release|Any CPU
		{92AE8203-9917-4255-A0A8-A83F1DAB4F47}.Release|Any CPU.Build.0 = Release|Any CPU
	EndGlobalSection
	GlobalSection(SolutionProperties) = preSolution
		HideSolutionNode = FALSE
	EndGlobalSection
	GlobalSection(ExtensibilityGlobals) = postSolution
		SolutionGuid = {BADE50DD-0ADE-40F7-A169-7FA52F68E26D}
	EndGlobalSection
EndGlobal
